# THIS IS AN AUTOGENERATED FILE. DO NOT EDIT THIS FILE DIRECTLY.
# yarn lockfile v1


"@sindresorhus/is@^3.1.2":
  version "3.1.2"
  resolved "https://registry.yarnpkg.com/@sindresorhus/is/-/is-3.1.2.tgz#548650de521b344e3781fbdb0ece4aa6f729afb8"
  integrity sha512-JiX9vxoKMmu8Y3Zr2RVathBL1Cdu4Nt4MuNWemt1Nc06A0RAin9c5FArkhGsyMBWfCu4zj+9b+GxtjAnE4qqLQ==

chalk@^5.3.0:
  version "5.3.0"
  resolved "https://registry.yarnpkg.com/chalk/-/chalk-5.3.0.tgz#67c20a7ebef70e7f3970a01f90fa210cb6860385"
  integrity sha512-dLitG79d+GV1Nb/VYcCDFivJeK1hiukt9QjRNVOsUtTy1rR1YJsmpGGTZ3qJos+uw7WmWF4wUwBd9jxjocFC2w==

char-regex@^1.0.2:
  version "1.0.2"
  resolved "https://registry.yarnpkg.com/char-regex/-/char-regex-1.0.2.tgz#d744358226217f981ed58f479b1d6bcc29545dcf"
  integrity sha512-kWWXztvZ5SBQV+eRgKFeh8q5sLuZY2+8WUIzlxWVTg+oGwY14qylx1KbKzHd8P6ZYkAg0xyIDU9JMHhyJMZ1jw==

emojilib@^2.4.0:
  version "2.4.0"
  resolved "https://registry.yarnpkg.com/emojilib/-/emojilib-2.4.0.tgz#ac518a8bb0d5f76dda57289ccb2fdf9d39ae721e"
  integrity sha512-5U0rVMU5Y2n2+ykNLQqMoqklN9ICBT/KsvC1Gz6vqHbz2AXXGkG+Pm5rMWk/8Vjrr/mY9985Hi8DYzn1F09Nyw==

node-emoji@^2.1.0:
  version "2.1.0"
  resolved "https://registry.yarnpkg.com/node-emoji/-/node-emoji-2.1.0.tgz#93c99b0d3dfe7d5e37c056aded389e013c72d0c5"
  integrity sha512-tcsBm9C6FmPN5Wo7OjFi9lgMyJjvkAeirmjR/ax8Ttfqy4N8PoFic26uqFTIgayHPNI5FH4ltUvfh9kHzwcK9A==
  dependencies:
    "@sindresorhus/is" "^3.1.2"
    char-regex "^1.0.2"
    emojilib "^2.4.0"
    skin-tone "^2.0.0"

skin-tone@^2.0.0:
  version "2.0.0"
  resolved "https://registry.yarnpkg.com/skin-tone/-/skin-tone-2.0.0.tgz#4e3933ab45c0d4f4f781745d64b9f4c208e41237"
  integrity sha512-kUMbT1oBJCpgrnKoSr0o6wPtvRWT9W9UKvGLwfJYO2WuahZRHOpEyL1ckyMGgMWh0UdpmaoFqKKD29WTomNEGA==
  dependencies:
    unicode-emoji-modifier-base "^1.0.0"

unicode-emoji-modifier-base@^1.0.0:
  version "1.0.0"
  resolved "https://registry.yarnpkg.com/unicode-emoji-modifier-base/-/unicode-emoji-modifier-base-1.0.0.tgz#dbbd5b54ba30f287e2a8d5a249da6c0cef369459"
  integrity sha512-yLSH4py7oFH3oG/9K+XWrz1pSi3dfUrWEnInbxMfArOfc1+33BlGPQtLsOYwvdMy11AwUBetYuaRxSPqgkq+8g==
